
Microsoft Visual Studio Solution File, Format Version 12.00
# Visual Studio Version 17
VisualStudioVersion = 17.3.32929.385
MinimumVisualStudioVersion = 10.0.40219.1
Project("{FAE04EC0-301F-11D3-BF4B-00C04F79EFBC}") = "Timey.Android", "popo\popo.Android\Timey.Android.csproj", "{4B04E801-C965-457A-96EE-06E3741B4471}"
EndProject
Project("{9A19103F-16F7-4668-BE54-9A1E7A4F7556}") = "Timey", "popo\popo\Timey.csproj", "{FDEA41EE-3361-4894-8306-5AAEFB6496E7}"
EndProject
Global
	GlobalSection(SolutionConfigurationPlatforms) = preSolution
		Debug|Any CPU = Debug|Any CPU
		Debug|iPhone = Debug|iPhone
		Debug|iPhoneSimulator = Debug|iPhoneSimulator
		Release|Any CPU = Release|Any CPU
		Release|iPhone = Release|iPhone
		Release|iPhoneSimulator = Release|iPhoneSimulator
	EndGlobalSection
	GlobalSection(ProjectConfigurationPlatforms) = postSolution
		{4B04E801-C965-457A-96EE-06E3741B4471}.Debug|Any CPU.ActiveCfg = Debug|Any CPU
		{4B04E801-C965-457A-96EE-06E3741B4471}.Debug|Any CPU.Build.0 = Debug|Any CPU
		{4B04E801-C965-457A-96EE-06E3741B4471}.Debug|Any CPU.Deploy.0 = Debug|Any CPU
		{4B04E801-C965-457A-96EE-06E3741B4471}.Debug|iPhone.ActiveCfg = Debug|Any CPU
		{4B04E801-C965-457A-96EE-06E3741B4471}.Debug|iPhone.Build.0 = Debug|Any CPU
		{4B04E801-C965-457A-96EE-06E3741B4471}.Debug|iPhone.Deploy.0 = Debug|Any CPU
		{4B04E801-C965-457A-96EE-06E3741B4471}.Debug|iPhoneSimulator.ActiveCfg = Debug|Any CPU
		{4B04E801-C965-457A-96EE-06E3741B4471}.Debug|iPhoneSimulator.Build.0 = Debug|Any CPU
		{4B04E801-C965-457A-96EE-06E3741B4471}.Debug|iPhoneSimulator.Deploy.0 = Debug|Any CPU
		{4B04E801-C965-457A-96EE-06E3741B4471}.Release|Any CPU.ActiveCfg = Release|Any CPU
		{4B04E801-C965-457A-96EE-06E3741B4471}.Release|Any CPU.Build.0 = Release|Any CPU
		{4B04E801-C965-457A-96EE-06E3741B4471}.Release|Any CPU.Deploy.0 = Release|Any CPU
		{4B04E801-C965-457A-96EE-06E3741B4471}.Release|iPhone.ActiveCfg = Release|Any CPU
		{4B04E801-C965-457A-96EE-06E3741B4471}.Release|iPhone.Build.0 = Release|Any CPU
		{4B04E801-C965-457A-96EE-06E3741B4471}.Release|iPhone.Deploy.0 = Release|Any CPU
		{4B04E801-C965-457A-96EE-06E3741B4471}.Release|iPhoneSimulator.ActiveCfg = Release|Any CPU
		{4B04E801-C965-457A-96EE-06E3741B4471}.Release|iPhoneSimulator.Build.0 = Release|Any CPU
		{4B04E801-C965-457A-96EE-06E3741B4471}.Release|iPhoneSimulator.Deploy.0 = Release|Any CPU
		{FDEA41EE-3361-4894-8306-5AAEFB6496E7}.Debug|Any CPU.ActiveCfg = Debug|Any CPU
		{FDEA41EE-3361-4894-8306-5AAEFB6496E7}.Debug|Any CPU.Build.0 = Debug|Any CPU
		{FDEA41EE-3361-4894-8306-5AAEFB6496E7}.Debug|Any CPU.Deploy.0 = Debug|Any CPU
		{FDEA41EE-3361-4894-8306-5AAEFB6496E7}.Debug|iPhone.ActiveCfg = Debug|Any CPU
		{FDEA41EE-3361-4894-8306-5AAEFB6496E7}.Debug|iPhone.Build.0 = Debug|Any CPU
		{FDEA41EE-3361-4894-8306-5AAEFB6496E7}.Debug|iPhone.Deploy.0 = Debug|Any CPU
		{FDEA41EE-3361-4894-8306-5AAEFB6496E7}.Debug|iPhoneSimulator.ActiveCfg = Debug|Any CPU
		{FDEA41EE-3361-4894-8306-5AAEFB6496E7}.Debug|iPhoneSimulator.Build.0 = Debug|Any CPU
		{FDEA41EE-3361-4894-8306-5AAEFB6496E7}.Debug|iPhoneSimulator.Deploy.0 = Debug|Any CPU
		{FDEA41EE-3361-4894-8306-5AAEFB6496E7}.Release|Any CPU.ActiveCfg = Release|Any CPU
		{FDEA41EE-3361-4894-8306-5AAEFB6496E7}.Release|Any CPU.Build.0 = Release|Any CPU
		{FDEA41EE-3361-4894-8306-5AAEFB6496E7}.Release|Any CPU.Deploy.0 = Release|Any CPU
		{FDEA41EE-3361-4894-8306-5AAEFB6496E7}.Release|iPhone.ActiveCfg = Release|Any CPU
		{FDEA41EE-3361-4894-8306-5AAEFB6496E7}.Release|iPhone.Build.0 = Release|Any CPU
		{FDEA41EE-3361-4894-8306-5AAEFB6496E7}.Release|iPhone.Deploy.0 = Release|Any CPU
		{FDEA41EE-3361-4894-8306-5AAEFB6496E7}.Release|iPhoneSimulator.ActiveCfg = Release|Any CPU
		{FDEA41EE-3361-4894-8306-5AAEFB6496E7}.Release|iPhoneSimulator.Build.0 = Release|Any CPU
		{FDEA41EE-3361-4894-8306-5AAEFB6496E7}.Release|iPhoneSimulator.Deploy.0 = Release|Any CPU
	EndGlobalSection
	GlobalSection(SolutionProperties) = preSolution
		HideSolutionNode = FALSE
	EndGlobalSection
	GlobalSection(ExtensibilityGlobals) = postSolution
		SolutionGuid = {CDA273AF-39EC-4751-91B4-3C1908EFADE0}
	EndGlobalSection
EndGlobal
